// !$*UTF8*$!
{
	archiveVersion = 1;
	classes = {
	};
	objectVersion = 50;
	objects = {

/* Begin PBXBuildFile section */
		CA098095248AD8130012DB08 /* ClientModel.swift in Sources */ = {isa = PBXBuildFile; fileRef = CA098094248AD8130012DB08 /* ClientModel.swift */; };
		CA098097248AD94F0012DB08 /* ColorOfDays.swift in Sources */ = {isa = PBXBuildFile; fileRef = CA098096248AD94F0012DB08 /* ColorOfDays.swift */; };
		CA098099248AE78E0012DB08 /* DatesModel.swift in Sources */ = {isa = PBXBuildFile; fileRef = CA098098248AE78E0012DB08 /* DatesModel.swift */; };
		CA0B53CA24904120009C068E /* MainViewController.swift in Sources */ = {isa = PBXBuildFile; fileRef = CA0B53C924904120009C068E /* MainViewController.swift */; };
		CA5B143524899C44008DE3C6 /* CalendarViewController.swift in Sources */ = {isa = PBXBuildFile; fileRef = CA5B143424899C44008DE3C6 /* CalendarViewController.swift */; };
		CAB312D52487FD59003FDA0B /* AppDelegate.swift in Sources */ = {isa = PBXBuildFile; fileRef = CAB312D42487FD59003FDA0B /* AppDelegate.swift */; };
		CAB312D72487FD59003FDA0B /* SceneDelegate.swift in Sources */ = {isa = PBXBuildFile; fileRef = CAB312D62487FD59003FDA0B /* SceneDelegate.swift */; };
		CAB312DC2487FD59003FDA0B /* Main.storyboard in Resources */ = {isa = PBXBuildFile; fileRef = CAB312DA2487FD59003FDA0B /* Main.storyboard */; };
		CAB312DE2487FD5C003FDA0B /* Assets.xcassets in Resources */ = {isa = PBXBuildFile; fileRef = CAB312DD2487FD5C003FDA0B /* Assets.xcassets */; };
		CAB312E12487FD5C003FDA0B /* LaunchScreen.storyboard in Resources */ = {isa = PBXBuildFile; fileRef = CAB312DF2487FD5C003FDA0B /* LaunchScreen.storyboard */; };
		E8A40FC0F55234E4452265D7 /* Pods_CalendarForApartments.framework in Frameworks */ = {isa = PBXBuildFile; fileRef = C0E8A3EBCAB9F863F87AC8FA /* Pods_CalendarForApartments.framework */; };
/* End PBXBuildFile section */

/* Begin PBXFileReference section */
		4830FA99B2A6A3F0276F05B5 /* Pods-CalendarForApartments.release.xcconfig */ = {isa = PBXFileReference; includeInIndex = 1; lastKnownFileType = text.xcconfig; name = "Pods-CalendarForApartments.release.xcconfig"; path = "Pods/Target Support Files/Pods-CalendarForApartments/Pods-CalendarForApartments.release.xcconfig"; sourceTree = "<group>"; };
		AEE4E94CE6D0393387FFA0CF /* Pods-CalendarForApartments.debug.xcconfig */ = {isa = PBXFileReference; includeInIndex = 1; lastKnownFileType = text.xcconfig; name = "Pods-CalendarForApartments.debug.xcconfig"; path = "Pods/Target Support Files/Pods-CalendarForApartments/Pods-CalendarForApartments.debug.xcconfig"; sourceTree = "<group>"; };
		C0E8A3EBCAB9F863F87AC8FA /* Pods_CalendarForApartments.framework */ = {isa = PBXFileReference; explicitFileType = wrapper.framework; includeInIndex = 0; path = Pods_CalendarForApartments.framework; sourceTree = BUILT_PRODUCTS_DIR; };
		CA098094248AD8130012DB08 /* ClientModel.swift */ = {isa = PBXFileReference; lastKnownFileType = sourcecode.swift; path = ClientModel.swift; sourceTree = "<group>"; };
		CA098096248AD94F0012DB08 /* ColorOfDays.swift */ = {isa = PBXFileReference; lastKnownFileType = sourcecode.swift; path = ColorOfDays.swift; sourceTree = "<group>"; };
		CA098098248AE78E0012DB08 /* DatesModel.swift */ = {isa = PBXFileReference; lastKnownFileType = sourcecode.swift; path = DatesModel.swift; sourceTree = "<group>"; };
		CA0B53C924904120009C068E /* MainViewController.swift */ = {isa = PBXFileReference; lastKnownFileType = sourcecode.swift; path = MainViewController.swift; sourceTree = "<group>"; };
		CA5B143424899C44008DE3C6 /* CalendarViewController.swift */ = {isa = PBXFileReference; fileEncoding = 4; lastKnownFileType = sourcecode.swift; path = CalendarViewController.swift; sourceTree = "<group>"; };
		CAB312D12487FD59003FDA0B /* CalendarForApartments.app */ = {isa = PBXFileReference; explicitFileType = wrapper.application; includeInIndex = 0; path = CalendarForApartments.app; sourceTree = BUILT_PRODUCTS_DIR; };
		CAB312D42487FD59003FDA0B /* AppDelegate.swift */ = {isa = PBXFileReference; lastKnownFileType = sourcecode.swift; path = AppDelegate.swift; sourceTree = "<group>"; };
		CAB312D62487FD59003FDA0B /* SceneDelegate.swift */ = {isa = PBXFileReference; lastKnownFileType = sourcecode.swift; path = SceneDelegate.swift; sourceTree = "<group>"; };
		CAB312DB2487FD59003FDA0B /* Base */ = {isa = PBXFileReference; lastKnownFileType = file.storyboard; name = Base; path = Base.lproj/Main.storyboard; sourceTree = "<group>"; };
		CAB312DD2487FD5C003FDA0B /* Assets.xcassets */ = {isa = PBXFileReference; lastKnownFileType = folder.assetcatalog; path = Assets.xcassets; sourceTree = "<group>"; };
		CAB312E02487FD5C003FDA0B /* Base */ = {isa = PBXFileReference; lastKnownFileType = file.storyboard; name = Base; path = Base.lproj/LaunchScreen.storyboard; sourceTree = "<group>"; };
		CAB312E22487FD5C003FDA0B /* Info.plist */ = {isa = PBXFileReference; lastKnownFileType = text.plist.xml; path = Info.plist; sourceTree = "<group>"; };
/* End PBXFileReference section */

/* Begin PBXFrameworksBuildPhase section */
		CAB312CE2487FD59003FDA0B /* Frameworks */ = {
			isa = PBXFrameworksBuildPhase;
			buildActionMask = 2147483647;
			files = (
				E8A40FC0F55234E4452265D7 /* Pods_CalendarForApartments.framework in Frameworks */,
			);
			runOnlyForDeploymentPostprocessing = 0;
		};
/* End PBXFrameworksBuildPhase section */

/* Begin PBXGroup section */
		0FE367EAB870781FADB7D408 /* Pods */ = {
			isa = PBXGroup;
			children = (
				AEE4E94CE6D0393387FFA0CF /* Pods-CalendarForApartments.debug.xcconfig */,
				4830FA99B2A6A3F0276F05B5 /* Pods-CalendarForApartments.release.xcconfig */,
			);
			name = Pods;
			sourceTree = "<group>";
		};
		CAB312C82487FD59003FDA0B = {
			isa = PBXGroup;
			children = (
				CAB312D32487FD59003FDA0B /* CalendarForApartments */,
				CAB312D22487FD59003FDA0B /* Products */,
				0FE367EAB870781FADB7D408 /* Pods */,
				E8E58E089F05198CDBA9ACE7 /* Frameworks */,
			);
			sourceTree = "<group>";
		};
		CAB312D22487FD59003FDA0B /* Products */ = {
			isa = PBXGroup;
			children = (
				CAB312D12487FD59003FDA0B /* CalendarForApartments.app */,
			);
			name = Products;
			sourceTree = "<group>";
		};
		CAB312D32487FD59003FDA0B /* CalendarForApartments */ = {
			isa = PBXGroup;
			children = (
				CAB312D42487FD59003FDA0B /* AppDelegate.swift */,
				CAB312D62487FD59003FDA0B /* SceneDelegate.swift */,
				CA5B143424899C44008DE3C6 /* CalendarViewController.swift */,
				CA098094248AD8130012DB08 /* ClientModel.swift */,
				CA098096248AD94F0012DB08 /* ColorOfDays.swift */,
				CA098098248AE78E0012DB08 /* DatesModel.swift */,
				CA0B53C924904120009C068E /* MainViewController.swift */,
				CAB312DA2487FD59003FDA0B /* Main.storyboard */,
				CAB312DD2487FD5C003FDA0B /* Assets.xcassets */,
				CAB312DF2487FD5C003FDA0B /* LaunchScreen.storyboard */,
				CAB312E22487FD5C003FDA0B /* Info.plist */,
			);
			path = CalendarForApartments;
			sourceTree = "<group>";
		};
		E8E58E089F05198CDBA9ACE7 /* Frameworks */ = {
			isa = PBXGroup;
			children = (
				C0E8A3EBCAB9F863F87AC8FA /* Pods_CalendarForApartments.framework */,
			);
			name = Frameworks;
			sourceTree = "<group>";
		};
/* End PBXGroup section */

/* Begin PBXNativeTarget section */
		CAB312D02487FD59003FDA0B /* CalendarForApartments */ = {
			isa = PBXNativeTarget;
			buildConfigurationList = CAB312E52487FD5C003FDA0B /* Build configuration list for PBXNativeTarget "CalendarForApartments" */;
			buildPhases = (
				E1D09C301EF0B00D71D8510C /* [CP] Check Pods Manifest.lock */,
				CAB312CD2487FD59003FDA0B /* Sources */,
				CAB312CE2487FD59003FDA0B /* Frameworks */,
				CAB312CF2487FD59003FDA0B /* Resources */,
				62A6F459070BD38559855D1B /* [CP] Embed Pods Frameworks */,
			);
			buildRules = (
			);
			dependencies = (
			);
			name = CalendarForApartments;
			productName = CalendarForApartments;
			productReference = CAB312D12487FD59003FDA0B /* CalendarForApartments.app */;
			productType = "com.apple.product-type.application";
		};
/* End PBXNativeTarget section */

/* Begin PBXProject section */
		CAB312C92487FD59003FDA0B /* Project object */ = {
			isa = PBXProject;
			attributes = {
				LastSwiftUpdateCheck = 1130;
				LastUpgradeCheck = 1130;
				ORGANIZATIONNAME = "Виталий Косинов";
				TargetAttributes = {
					CAB312D02487FD59003FDA0B = {
						CreatedOnToolsVersion = 11.3.1;
					};
				};
			};
			buildConfigurationList = CAB312CC2487FD59003FDA0B /* Build configuration list for PBXProject "CalendarForApartments" */;
			compatibilityVersion = "Xcode 9.3";
			developmentRegion = en;
			hasScannedForEncodings = 0;
			knownRegions = (
				en,
				Base,
			);
			mainGroup = CAB312C82487FD59003FDA0B;
			productRefGroup = CAB312D22487FD59003FDA0B /* Products */;
			projectDirPath = "";
			projectRoot = "";
			targets = (
				CAB312D02487FD59003FDA0B /* CalendarForApartments */,
			);
		};
/* End PBXProject section */

/* Begin PBXResourcesBuildPhase section */
		CAB312CF2487FD59003FDA0B /* Resources */ = {
			isa = PBXResourcesBuildPhase;
			buildActionMask = 2147483647;
			files = (
				CAB312E12487FD5C003FDA0B /* LaunchScreen.storyboard in Resources */,
				CAB312DE2487FD5C003FDA0B /* Assets.xcassets in Resources */,
				CAB312DC2487FD59003FDA0B /* Main.storyboard in Resources */,
			);
			runOnlyForDeploymentPostprocessing = 0;
		};
/* End PBXResourcesBuildPhase section */

/* Begin PBXShellScriptBuildPhase section */
		62A6F459070BD38559855D1B /* [CP] Embed Pods Frameworks */ = {
			isa = PBXShellScriptBuildPhase;
			buildActionMask = 2147483647;
			files = (
			);
			inputPaths = (
				"${SRCROOT}/Pods/Target Support Files/Pods-CalendarForApartments/Pods-CalendarForApartments-frameworks.sh",
				"${BUILT_PRODUCTS_DIR}/Koyomi/Koyomi.framework",
			);
			name = "[CP] Embed Pods Frameworks";
			outputPaths = (
				"${TARGET_BUILD_DIR}/${FRAMEWORKS_FOLDER_PATH}/Koyomi.framework",
			);
			runOnlyForDeploymentPostprocessing = 0;
			shellPath = /bin/sh;
			shellScript = "\"${SRCROOT}/Pods/Target Support Files/Pods-CalendarForApartments/Pods-CalendarForApartments-frameworks.sh\"\n";
			showEnvVarsInLog = 0;
		};
		E1D09C301EF0B00D71D8510C /* [CP] Check Pods Manifest.lock */ = {
			isa = PBXShellScriptBuildPhase;
			buildActionMask = 2147483647;
			files = (
			);
			inputPaths = (
				"${PODS_PODFILE_DIR_PATH}/Podfile.lock",
				"${PODS_ROOT}/Manifest.lock",
			);
			name = "[CP] Check Pods Manifest.lock";
			outputPaths = (
				"$(DERIVED_FILE_DIR)/Pods-CalendarForApartments-checkManifestLockResult.txt",
			);
			runOnlyForDeploymentPostprocessing = 0;
			shellPath = /bin/sh;
			shellScript = "diff \"${PODS_PODFILE_DIR_PATH}/Podfile.lock\" \"${PODS_ROOT}/Manifest.lock\" > /dev/null\nif [ $? != 0 ] ; then\n    # print error to STDERR\n    echo \"error: The sandbox is not in sync with the Podfile.lock. Run 'pod install' or update your CocoaPods installation.\" >&2\n    exit 1\nfi\n# This output is used by Xcode 'outputs' to avoid re-running this script phase.\necho \"SUCCESS\" > \"${SCRIPT_OUTPUT_FILE_0}\"\n";
			showEnvVarsInLog = 0;
		};
/* End PBXShellScriptBuildPhase section */

/* Begin PBXSourcesBuildPhase section */
		CAB312CD2487FD59003FDA0B /* Sources */ = {
			isa = PBXSourcesBuildPhase;
			buildActionMask = 2147483647;
			files = (
				CA0B53CA24904120009C068E /* MainViewController.swift in Sources */,
				CA5B143524899C44008DE3C6 /* CalendarViewController.swift in Sources */,
				CA098099248AE78E0012DB08 /* DatesModel.swift in Sources */,
				CAB312D52487FD59003FDA0B /* AppDelegate.swift in Sources */,
				CAB312D72487FD59003FDA0B /* SceneDelegate.swift in Sources */,
				CA098095248AD8130012DB08 /* ClientModel.swift in Sources */,
				CA098097248AD94F0012DB08 /* ColorOfDays.swift in Sources */,
			);
			runOnlyForDeploymentPostprocessing = 0;
		};
/* End PBXSourcesBuildPhase section */

/* Begin PBXVariantGroup section */
		CAB312DA2487FD59003FDA0B /* Main.storyboard */ = {
			isa = PBXVariantGroup;
			children = (
				CAB312DB2487FD59003FDA0B /* Base */,
			);
			name = Main.storyboard;
			sourceTree = "<group>";
		};
		CAB312DF2487FD5C003FDA0B /* LaunchScreen.storyboard */ = {
			isa = PBXVariantGroup;
			children = (
				CAB312E02487FD5C003FDA0B /* Base */,
			);
			name = LaunchScreen.storyboard;
			sourceTree = "<group>";
		};
/* End PBXVariantGroup section */

/* Begin XCBuildConfiguration section */
		CAB312E32487FD5C003FDA0B /* Debug */ = {
			isa = XCBuildConfiguration;
			buildSettings = {
				ALWAYS_SEARCH_USER_PATHS = NO;
				CLANG_ANALYZER_NONNULL = YES;
				CLANG_ANALYZER_NUMBER_OBJECT_CONVERSION = YES_AGGRESSIVE;
				CLANG_CXX_LANGUAGE_STANDARD = "gnu++14";
				CLANG_CXX_LIBRARY = "libc++";
				CLANG_ENABLE_MODULES = YES;
				CLANG_ENABLE_OBJC_ARC = YES;
				CLANG_ENABLE_OBJC_WEAK = YES;
				CLANG_WARN_BLOCK_CAPTURE_AUTORELEASING = YES;
				CLANG_WARN_BOOL_CONVERSION = YES;
				CLANG_WARN_COMMA = YES;
				CLANG_WARN_CONSTANT_CONVERSION = YES;
				CLANG_WARN_DEPRECATED_OBJC_IMPLEMENTATIONS = YES;
				CLANG_WARN_DIRECT_OBJC_ISA_USAGE = YES_ERROR;
				CLANG_WARN_DOCUMENTATION_COMMENTS = YES;
				CLANG_WARN_EMPTY_BODY = YES;
				CLANG_WARN_ENUM_CONVERSION = YES;
				CLANG_WARN_INFINITE_RECURSION = YES;
				CLANG_WARN_INT_CONVERSION = YES;
				CLANG_WARN_NON_LITERAL_NULL_CONVERSION = YES;
				CLANG_WARN_OBJC_IMPLICIT_RETAIN_SELF = YES;
				CLANG_WARN_OBJC_LITERAL_CONVERSION = YES;
				CLANG_WARN_OBJC_ROOT_CLASS = YES_ERROR;
				CLANG_WARN_RANGE_LOOP_ANALYSIS = YES;
				CLANG_WARN_STRICT_PROTOTYPES = YES;
				CLANG_WARN_SUSPICIOUS_MOVE = YES;
				CLANG_WARN_UNGUARDED_AVAILABILITY = YES_AGGRESSIVE;
				CLANG_WARN_UNREACHABLE_CODE = YES;
				CLANG_WARN__DUPLICATE_METHOD_MATCH = YES;
				COPY_PHASE_STRIP = NO;
				DEBUG_INFORMATION_FORMAT = dwarf;
				ENABLE_STRICT_OBJC_MSGSEND = YES;
				ENABLE_TESTABILITY = YES;
				GCC_C_LANGUAGE_STANDARD = gnu11;
				GCC_DYNAMIC_NO_PIC = NO;
				GCC_NO_COMMON_BLOCKS = YES;
				GCC_OPTIMIZATION_LEVEL = 0;
				GCC_PREPROCESSOR_DEFINITIONS = (
					"DEBUG=1",
					"$(inherited)",
				);
				GCC_WARN_64_TO_32_BIT_CONVERSION = YES;
				GCC_WARN_ABOUT_RETURN_TYPE = YES_ERROR;
				GCC_WARN_UNDECLARED_SELECTOR = YES;
				GCC_WARN_UNINITIALIZED_AUTOS = YES_AGGRESSIVE;
				GCC_WARN_UNUSED_FUNCTION = YES;
				GCC_WARN_UNUSED_VARIABLE = YES;
				IPHONEOS_DEPLOYMENT_TARGET = 13.2;
				MTL_ENABLE_DEBUG_INFO = INCLUDE_SOURCE;
				MTL_FAST_MATH = YES;
				ONLY_ACTIVE_ARCH = YES;
				SDKROOT = iphoneos;
				SWIFT_ACTIVE_COMPILATION_CONDITIONS = DEBUG;
				SWIFT_OPTIMIZATION_LEVEL = "-Onone";
			};
			name = Debug;
		};
		CAB312E42487FD5C003FDA0B /* Release */ = {
			isa = XCBuildConfiguration;
			buildSettings = {
				ALWAYS_SEARCH_USER_PATHS = NO;
				CLANG_ANALYZER_NONNULL = YES;
				CLANG_ANALYZER_NUMBER_OBJECT_CONVERSION = YES_AGGRESSIVE;
				CLANG_CXX_LANGUAGE_STANDARD = "gnu++14";
				CLANG_CXX_LIBRARY = "libc++";
				CLANG_ENABLE_MODULES = YES;
				CLANG_ENABLE_OBJC_ARC = YES;
				CLANG_ENABLE_OBJC_WEAK = YES;
				CLANG_WARN_BLOCK_CAPTURE_AUTORELEASING = YES;
				CLANG_WARN_BOOL_CONVERSION = YES;
				CLANG_WARN_COMMA = YES;
				CLANG_WARN_CONSTANT_CONVERSION = YES;
				CLANG_WARN_DEPRECATED_OBJC_IMPLEMENTATIONS = YES;
				CLANG_WARN_DIRECT_OBJC_ISA_USAGE = YES_ERROR;
				CLANG_WARN_DOCUMENTATION_COMMENTS = YES;
				CLANG_WARN_EMPTY_BODY = YES;
				CLANG_WARN_ENUM_CONVERSION = YES;
				CLANG_WARN_INFINITE_RECURSION = YES;
				CLANG_WARN_INT_CONVERSION = YES;
				CLANG_WARN_NON_LITERAL_NULL_CONVERSION = YES;
				CLANG_WARN_OBJC_IMPLICIT_RETAIN_SELF = YES;
				CLANG_WARN_OBJC_LITERAL_CONVERSION = YES;
				CLANG_WARN_OBJC_ROOT_CLASS = YES_ERROR;
				CLANG_WARN_RANGE_LOOP_ANALYSIS = YES;
				CLANG_WARN_STRICT_PROTOTYPES = YES;
				CLANG_WARN_SUSPICIOUS_MOVE = YES;
				CLANG_WARN_UNGUARDED_AVAILABILITY = YES_AGGRESSIVE;
				CLANG_WARN_UNREACHABLE_CODE = YES;
				CLANG_WARN__DUPLICATE_METHOD_MATCH = YES;
				COPY_PHASE_STRIP = NO;
				DEBUG_INFORMATION_FORMAT = "dwarf-with-dsym";
				ENABLE_NS_ASSERTIONS = NO;
				ENABLE_STRICT_OBJC_MSGSEND = YES;
				GCC_C_LANGUAGE_STANDARD = gnu11;
				GCC_NO_COMMON_BLOCKS = YES;
				GCC_WARN_64_TO_32_BIT_CONVERSION = YES;
				GCC_WARN_ABOUT_RETURN_TYPE = YES_ERROR;
				GCC_WARN_UNDECLARED_SELECTOR = YES;
				GCC_WARN_UNINITIALIZED_AUTOS = YES_AGGRESSIVE;
				GCC_WARN_UNUSED_FUNCTION = YES;
				GCC_WARN_UNUSED_VARIABLE = YES;
				IPHONEOS_DEPLOYMENT_TARGET = 13.2;
				MTL_ENABLE_DEBUG_INFO = NO;
				MTL_FAST_MATH = YES;
				SDKROOT = iphoneos;
				SWIFT_COMPILATION_MODE = wholemodule;
				SWIFT_OPTIMIZATION_LEVEL = "-O";
				VALIDATE_PRODUCT = YES;
			};
			name = Release;
		};
		CAB312E62487FD5C003FDA0B /* Debug */ = {
			isa = XCBuildConfiguration;
			baseConfigurationReference = AEE4E94CE6D0393387FFA0CF /* Pods-CalendarForApartments.debug.xcconfig */;
			buildSettings = {
				ASSETCATALOG_COMPILER_APPICON_NAME = AppIcon;
				CODE_SIGN_STYLE = Automatic;
				DEVELOPMENT_TEAM = J9389X9HQU;
				INFOPLIST_FILE = CalendarForApartments/Info.plist;
				IPHONEOS_DEPLOYMENT_TARGET = 9.3;
				LD_RUNPATH_SEARCH_PATHS = (
					"$(inherited)",
					"@executable_path/Frameworks",
				);
				PRODUCT_BUNDLE_IDENTIFIER = ru.zerat.CalendarForApartments;
				PRODUCT_NAME = "$(TARGET_NAME)";
				SWIFT_VERSION = 5.0;
				TARGETED_DEVICE_FAMILY = "1,2";
			};
			name = Debug;
		};
		CAB312E72487FD5C003FDA0B /* Release */ = {
			isa = XCBuildConfiguration;
			baseConfigurationReference = 4830FA99B2A6A3F0276F05B5 /* Pods-CalendarForApartments.release.xcconfig */;
			buildSettings = {
				ASSETCATALOG_COMPILER_APPICON_NAME = AppIcon;
				CODE_SIGN_STYLE = Automatic;
				DEVELOPMENT_TEAM = J9389X9HQU;
				INFOPLIST_FILE = CalendarForApartments/Info.plist;
				IPHONEOS_DEPLOYMENT_TARGET = 9.3;
				LD_RUNPATH_SEARCH_PATHS = (
					"$(inherited)",
					"@executable_path/Frameworks",
				);
				PRODUCT_BUNDLE_IDENTIFIER = ru.zerat.CalendarForApartments;
				PRODUCT_NAME = "$(TARGET_NAME)";
				SWIFT_VERSION = 5.0;
				TARGETED_DEVICE_FAMILY = "1,2";
			};
			name = Release;
		};
/* End XCBuildConfiguration section */

/* Begin XCConfigurationList section */
		CAB312CC2487FD59003FDA0B /* Build configuration list for PBXProject "CalendarForApartments" */ = {
			isa = XCConfigurationList;
			buildConfigurations = (
				CAB312E32487FD5C003FDA0B /* Debug */,
				CAB312E42487FD5C003FDA0B /* Release */,
			);
			defaultConfigurationIsVisible = 0;
			defaultConfigurationName = Release;
		};
		CAB312E52487FD5C003FDA0B /* Build configuration list for PBXNativeTarget "CalendarForApartments" */ = {
			isa = XCConfigurationList;
			buildConfigurations = (
				CAB312E62487FD5C003FDA0B /* Debug */,
				CAB312E72487FD5C003FDA0B /* Release */,
			);
			defaultConfigurationIsVisible = 0;
			defaultConfigurationName = Release;
		};
/* End XCConfigurationList section */
	};
	rootObject = CAB312C92487FD59003FDA0B /* Project object */;
}
